
Microsoft Visual Studio Solution File, Format Version 12.00
# Visual Studio Version 17
VisualStudioVersion = 17.0.31903.59
MinimumVisualStudioVersion = 10.0.40219.1
Project("{2150E333-8FDC-42A3-9474-1A3956D46DE8}") = "src", "src", "{8D052C6C-F76F-420E-AE82-241352E5ABB4}"
EndProject
Project("{9A19103F-16F7-4668-BE54-9A1E7A4F7556}") = "NCDC", "src\core\NCDC\NCDC.csproj", "{97DE1EEA-3582-4B5A-B978-484BCF975FEA}"
EndProject
Project("{2150E333-8FDC-42A3-9474-1A3956D46DE8}") = "test", "test", "{C37A1D9B-9BAA-435C-857B-0BB3E2C010B2}"
EndProject
Project("{2150E333-8FDC-42A3-9474-1A3956D46DE8}") = "antlr4", "antlr4", "{28CC1DDF-6535-418A-A081-1C72203EBDDD}"
EndProject
Project("{9A19103F-16F7-4668-BE54-9A1E7A4F7556}") = "NCDC.SqlServerParser", "src\antlr4\NCDC.SqlServerParser\NCDC.SqlServerParser.csproj", "{81CCA66E-A081-4880-8421-BBED2E64ACDB}"
EndProject
Project("{9A19103F-16F7-4668-BE54-9A1E7A4F7556}") = "NCDC.CommandParser", "src\core\parser\NCDC.CommandParser\NCDC.CommandParser.csproj", "{149F34EB-C266-433A-8730-DCC500FBF32E}"
EndProject
Project("{2150E333-8FDC-42A3-9474-1A3956D46DE8}") = "core", "core", "{13416211-E7FD-42AB-9728-E17F58F306CA}"
EndProject
Project("{2150E333-8FDC-42A3-9474-1A3956D46DE8}") = "sharding", "sharding", "{396DB147-8FBA-4C69-B72F-BEF4E62B2076}"
EndProject
Project("{2150E333-8FDC-42A3-9474-1A3956D46DE8}") = "orm", "orm", "{221F76CC-2181-4F93-89BE-61EED7D889C1}"
EndProject
Project("{9A19103F-16F7-4668-BE54-9A1E7A4F7556}") = "OpenConnector.EFCore", "src\orm\OpenConnector.EFCore\OpenConnector.EFCore.csproj", "{B7CEBD52-D1E7-4801-A940-45BC3D0C48EE}"
EndProject
Project("{9A19103F-16F7-4668-BE54-9A1E7A4F7556}") = "NCDC.MySqlParser", "src\antlr4\NCDC.MySqlParser\NCDC.MySqlParser.csproj", "{E9893BD0-A7B4-4714-AB9D-42352C16E22E}"
EndProject
Project("{2150E333-8FDC-42A3-9474-1A3956D46DE8}") = "proxy", "proxy", "{527EA305-8E22-4CDF-B41F-355C7599D340}"
EndProject
Project("{9A19103F-16F7-4668-BE54-9A1E7A4F7556}") = "NCDC.Proxy.Starter", "src\proxy\NCDC.Proxy.Starter\NCDC.Proxy.Starter.csproj", "{4B20DE00-6EB8-4CBB-A0DA-C7ACA594BBA4}"
EndProject
Project("{2150E333-8FDC-42A3-9474-1A3956D46DE8}") = "protocol", "protocol", "{956A16CB-0A7F-44EC-AD72-9A2C693C09B0}"
EndProject
Project("{9A19103F-16F7-4668-BE54-9A1E7A4F7556}") = "NCDC.ProxyServer", "src\proxy\NCDC.ProxyServer\NCDC.ProxyServer.csproj", "{D27A5095-10AA-44E2-B7E4-DFFC775A83F4}"
EndProject
Project("{9A19103F-16F7-4668-BE54-9A1E7A4F7556}") = "NCDC.ProxyClient", "src\proxy\NCDC.ProxyClient\NCDC.ProxyClient.csproj", "{C3750B32-000A-4214-A9F3-BDA6A1298D1C}"
EndProject
Project("{9A19103F-16F7-4668-BE54-9A1E7A4F7556}") = "NCDC.ProxyClientMySql", "src\proxy\NCDC.ProxyClientMySql\NCDC.ProxyClientMySql.csproj", "{7EE37FAA-A21A-454F-BE60-4D503CE3D513}"
EndProject
Project("{9A19103F-16F7-4668-BE54-9A1E7A4F7556}") = "NCDC.Protocol", "src\protocol\NCDC.Protocol\NCDC.Protocol.csproj", "{FB88C552-DF4B-4040-B07B-627C935FD904}"
EndProject
Project("{2150E333-8FDC-42A3-9474-1A3956D46DE8}") = "parser", "parser", "{ABFF6635-BAA5-4E98-B9FA-FEE39FCDC12C}"
EndProject
Project("{2150E333-8FDC-42A3-9474-1A3956D46DE8}") = "route", "route", "{548AD322-4FF9-43EB-BB06-89C5F4A1AAA7}"
EndProject
Project("{FAE04EC0-301F-11D3-BF4B-00C04F79EFBC}") = "NCDC.RouteTest", "src\core\route\NCDC.RouteTest\NCDC.RouteTest.csproj", "{C775B5CC-A17C-4EB9-9034-531C2253AD8E}"
EndProject
Project("{FAE04EC0-301F-11D3-BF4B-00C04F79EFBC}") = "NCDC.ShardingTest", "test\NCDC.ShardingTest\NCDC.ShardingTest.csproj", "{C6E66498-5BB9-485B-AB29-FC7F790C6893}"
EndProject
Project("{FAE04EC0-301F-11D3-BF4B-00C04F79EFBC}") = "NCDC.Basic", "src\core\NCDC.Basic\NCDC.Basic.csproj", "{2F9C5F5B-2E5C-4A53-B228-69A87B94C235}"
EndProject
Project("{FAE04EC0-301F-11D3-BF4B-00C04F79EFBC}") = "NCDC.ShardingParser", "src\sharding\NCDC.ShardingParser\NCDC.ShardingParser.csproj", "{C375CA5B-8DA5-4EC3-9361-E6BBAE0CD327}"
EndProject
Project("{FAE04EC0-301F-11D3-BF4B-00C04F79EFBC}") = "NCDC.ShardingRoute", "src\sharding\NCDC.ShardingRoute\NCDC.ShardingRoute.csproj", "{17C6F1D2-2E21-41D5-97A1-7DF72F0C7A17}"
EndProject
Project("{FAE04EC0-301F-11D3-BF4B-00C04F79EFBC}") = "NCDC.ShardingRewrite", "src\sharding\NCDC.ShardingRewrite\NCDC.ShardingRewrite.csproj", "{6E857EA5-B9AE-4F92-9FC7-E79EA883EDB0}"
EndProject
Project("{FAE04EC0-301F-11D3-BF4B-00C04F79EFBC}") = "NCDC.ShardingMerge", "src\sharding\NCDC.ShardingMerge\NCDC.ShardingMerge.csproj", "{BEE6CB06-473A-4941-A8DF-7C255D9D1F6B}"
EndProject
Global
	GlobalSection(SolutionConfigurationPlatforms) = preSolution
		Debug|Any CPU = Debug|Any CPU
		Release|Any CPU = Release|Any CPU
	EndGlobalSection
	GlobalSection(ProjectConfigurationPlatforms) = postSolution
		{97DE1EEA-3582-4B5A-B978-484BCF975FEA}.Debug|Any CPU.ActiveCfg = Debug|Any CPU
		{97DE1EEA-3582-4B5A-B978-484BCF975FEA}.Debug|Any CPU.Build.0 = Debug|Any CPU
		{97DE1EEA-3582-4B5A-B978-484BCF975FEA}.Release|Any CPU.ActiveCfg = Release|Any CPU
		{97DE1EEA-3582-4B5A-B978-484BCF975FEA}.Release|Any CPU.Build.0 = Release|Any CPU
		{81CCA66E-A081-4880-8421-BBED2E64ACDB}.Debug|Any CPU.ActiveCfg = Debug|Any CPU
		{81CCA66E-A081-4880-8421-BBED2E64ACDB}.Debug|Any CPU.Build.0 = Debug|Any CPU
		{81CCA66E-A081-4880-8421-BBED2E64ACDB}.Release|Any CPU.ActiveCfg = Release|Any CPU
		{81CCA66E-A081-4880-8421-BBED2E64ACDB}.Release|Any CPU.Build.0 = Release|Any CPU
		{149F34EB-C266-433A-8730-DCC500FBF32E}.Debug|Any CPU.ActiveCfg = Debug|Any CPU
		{149F34EB-C266-433A-8730-DCC500FBF32E}.Debug|Any CPU.Build.0 = Debug|Any CPU
		{149F34EB-C266-433A-8730-DCC500FBF32E}.Release|Any CPU.ActiveCfg = Release|Any CPU
		{149F34EB-C266-433A-8730-DCC500FBF32E}.Release|Any CPU.Build.0 = Release|Any CPU
		{B7CEBD52-D1E7-4801-A940-45BC3D0C48EE}.Debug|Any CPU.ActiveCfg = Debug|Any CPU
		{B7CEBD52-D1E7-4801-A940-45BC3D0C48EE}.Debug|Any CPU.Build.0 = Debug|Any CPU
		{B7CEBD52-D1E7-4801-A940-45BC3D0C48EE}.Release|Any CPU.ActiveCfg = Release|Any CPU
		{B7CEBD52-D1E7-4801-A940-45BC3D0C48EE}.Release|Any CPU.Build.0 = Release|Any CPU
		{E9893BD0-A7B4-4714-AB9D-42352C16E22E}.Debug|Any CPU.ActiveCfg = Debug|Any CPU
		{E9893BD0-A7B4-4714-AB9D-42352C16E22E}.Debug|Any CPU.Build.0 = Debug|Any CPU
		{E9893BD0-A7B4-4714-AB9D-42352C16E22E}.Release|Any CPU.ActiveCfg = Release|Any CPU
		{E9893BD0-A7B4-4714-AB9D-42352C16E22E}.Release|Any CPU.Build.0 = Release|Any CPU
		{4B20DE00-6EB8-4CBB-A0DA-C7ACA594BBA4}.Debug|Any CPU.ActiveCfg = Debug|Any CPU
		{4B20DE00-6EB8-4CBB-A0DA-C7ACA594BBA4}.Debug|Any CPU.Build.0 = Debug|Any CPU
		{4B20DE00-6EB8-4CBB-A0DA-C7ACA594BBA4}.Release|Any CPU.ActiveCfg = Release|Any CPU
		{4B20DE00-6EB8-4CBB-A0DA-C7ACA594BBA4}.Release|Any CPU.Build.0 = Release|Any CPU
		{D27A5095-10AA-44E2-B7E4-DFFC775A83F4}.Debug|Any CPU.ActiveCfg = Debug|Any CPU
		{D27A5095-10AA-44E2-B7E4-DFFC775A83F4}.Debug|Any CPU.Build.0 = Debug|Any CPU
		{D27A5095-10AA-44E2-B7E4-DFFC775A83F4}.Release|Any CPU.ActiveCfg = Release|Any CPU
		{D27A5095-10AA-44E2-B7E4-DFFC775A83F4}.Release|Any CPU.Build.0 = Release|Any CPU
		{C3750B32-000A-4214-A9F3-BDA6A1298D1C}.Debug|Any CPU.ActiveCfg = Debug|Any CPU
		{C3750B32-000A-4214-A9F3-BDA6A1298D1C}.Debug|Any CPU.Build.0 = Debug|Any CPU
		{C3750B32-000A-4214-A9F3-BDA6A1298D1C}.Release|Any CPU.ActiveCfg = Release|Any CPU
		{C3750B32-000A-4214-A9F3-BDA6A1298D1C}.Release|Any CPU.Build.0 = Release|Any CPU
		{7EE37FAA-A21A-454F-BE60-4D503CE3D513}.Debug|Any CPU.ActiveCfg = Debug|Any CPU
		{7EE37FAA-A21A-454F-BE60-4D503CE3D513}.Debug|Any CPU.Build.0 = Debug|Any CPU
		{7EE37FAA-A21A-454F-BE60-4D503CE3D513}.Release|Any CPU.ActiveCfg = Release|Any CPU
		{7EE37FAA-A21A-454F-BE60-4D503CE3D513}.Release|Any CPU.Build.0 = Release|Any CPU
		{FB88C552-DF4B-4040-B07B-627C935FD904}.Debug|Any CPU.ActiveCfg = Debug|Any CPU
		{FB88C552-DF4B-4040-B07B-627C935FD904}.Debug|Any CPU.Build.0 = Debug|Any CPU
		{FB88C552-DF4B-4040-B07B-627C935FD904}.Release|Any CPU.ActiveCfg = Release|Any CPU
		{FB88C552-DF4B-4040-B07B-627C935FD904}.Release|Any CPU.Build.0 = Release|Any CPU
		{C775B5CC-A17C-4EB9-9034-531C2253AD8E}.Debug|Any CPU.ActiveCfg = Debug|Any CPU
		{C775B5CC-A17C-4EB9-9034-531C2253AD8E}.Debug|Any CPU.Build.0 = Debug|Any CPU
		{C775B5CC-A17C-4EB9-9034-531C2253AD8E}.Release|Any CPU.ActiveCfg = Release|Any CPU
		{C775B5CC-A17C-4EB9-9034-531C2253AD8E}.Release|Any CPU.Build.0 = Release|Any CPU
		{C6E66498-5BB9-485B-AB29-FC7F790C6893}.Debug|Any CPU.ActiveCfg = Debug|Any CPU
		{C6E66498-5BB9-485B-AB29-FC7F790C6893}.Debug|Any CPU.Build.0 = Debug|Any CPU
		{C6E66498-5BB9-485B-AB29-FC7F790C6893}.Release|Any CPU.ActiveCfg = Release|Any CPU
		{C6E66498-5BB9-485B-AB29-FC7F790C6893}.Release|Any CPU.Build.0 = Release|Any CPU
		{2F9C5F5B-2E5C-4A53-B228-69A87B94C235}.Debug|Any CPU.ActiveCfg = Debug|Any CPU
		{2F9C5F5B-2E5C-4A53-B228-69A87B94C235}.Debug|Any CPU.Build.0 = Debug|Any CPU
		{2F9C5F5B-2E5C-4A53-B228-69A87B94C235}.Release|Any CPU.ActiveCfg = Release|Any CPU
		{2F9C5F5B-2E5C-4A53-B228-69A87B94C235}.Release|Any CPU.Build.0 = Release|Any CPU
		{C375CA5B-8DA5-4EC3-9361-E6BBAE0CD327}.Debug|Any CPU.ActiveCfg = Debug|Any CPU
		{C375CA5B-8DA5-4EC3-9361-E6BBAE0CD327}.Debug|Any CPU.Build.0 = Debug|Any CPU
		{C375CA5B-8DA5-4EC3-9361-E6BBAE0CD327}.Release|Any CPU.ActiveCfg = Release|Any CPU
		{C375CA5B-8DA5-4EC3-9361-E6BBAE0CD327}.Release|Any CPU.Build.0 = Release|Any CPU
		{17C6F1D2-2E21-41D5-97A1-7DF72F0C7A17}.Debug|Any CPU.ActiveCfg = Debug|Any CPU
		{17C6F1D2-2E21-41D5-97A1-7DF72F0C7A17}.Debug|Any CPU.Build.0 = Debug|Any CPU
		{17C6F1D2-2E21-41D5-97A1-7DF72F0C7A17}.Release|Any CPU.ActiveCfg = Release|Any CPU
		{17C6F1D2-2E21-41D5-97A1-7DF72F0C7A17}.Release|Any CPU.Build.0 = Release|Any CPU
		{6E857EA5-B9AE-4F92-9FC7-E79EA883EDB0}.Debug|Any CPU.ActiveCfg = Debug|Any CPU
		{6E857EA5-B9AE-4F92-9FC7-E79EA883EDB0}.Debug|Any CPU.Build.0 = Debug|Any CPU
		{6E857EA5-B9AE-4F92-9FC7-E79EA883EDB0}.Release|Any CPU.ActiveCfg = Release|Any CPU
		{6E857EA5-B9AE-4F92-9FC7-E79EA883EDB0}.Release|Any CPU.Build.0 = Release|Any CPU
		{BEE6CB06-473A-4941-A8DF-7C255D9D1F6B}.Debug|Any CPU.ActiveCfg = Debug|Any CPU
		{BEE6CB06-473A-4941-A8DF-7C255D9D1F6B}.Debug|Any CPU.Build.0 = Debug|Any CPU
		{BEE6CB06-473A-4941-A8DF-7C255D9D1F6B}.Release|Any CPU.ActiveCfg = Release|Any CPU
		{BEE6CB06-473A-4941-A8DF-7C255D9D1F6B}.Release|Any CPU.Build.0 = Release|Any CPU
	EndGlobalSection
	GlobalSection(SolutionProperties) = preSolution
		HideSolutionNode = FALSE
	EndGlobalSection
	GlobalSection(NestedProjects) = preSolution
		{97DE1EEA-3582-4B5A-B978-484BCF975FEA} = {13416211-E7FD-42AB-9728-E17F58F306CA}
		{28CC1DDF-6535-418A-A081-1C72203EBDDD} = {8D052C6C-F76F-420E-AE82-241352E5ABB4}
		{81CCA66E-A081-4880-8421-BBED2E64ACDB} = {28CC1DDF-6535-418A-A081-1C72203EBDDD}
		{13416211-E7FD-42AB-9728-E17F58F306CA} = {8D052C6C-F76F-420E-AE82-241352E5ABB4}
		{396DB147-8FBA-4C69-B72F-BEF4E62B2076} = {8D052C6C-F76F-420E-AE82-241352E5ABB4}
		{221F76CC-2181-4F93-89BE-61EED7D889C1} = {8D052C6C-F76F-420E-AE82-241352E5ABB4}
		{B7CEBD52-D1E7-4801-A940-45BC3D0C48EE} = {221F76CC-2181-4F93-89BE-61EED7D889C1}
		{E9893BD0-A7B4-4714-AB9D-42352C16E22E} = {28CC1DDF-6535-418A-A081-1C72203EBDDD}
		{527EA305-8E22-4CDF-B41F-355C7599D340} = {8D052C6C-F76F-420E-AE82-241352E5ABB4}
		{4B20DE00-6EB8-4CBB-A0DA-C7ACA594BBA4} = {527EA305-8E22-4CDF-B41F-355C7599D340}
		{956A16CB-0A7F-44EC-AD72-9A2C693C09B0} = {8D052C6C-F76F-420E-AE82-241352E5ABB4}
		{D27A5095-10AA-44E2-B7E4-DFFC775A83F4} = {527EA305-8E22-4CDF-B41F-355C7599D340}
		{C3750B32-000A-4214-A9F3-BDA6A1298D1C} = {527EA305-8E22-4CDF-B41F-355C7599D340}
		{7EE37FAA-A21A-454F-BE60-4D503CE3D513} = {527EA305-8E22-4CDF-B41F-355C7599D340}
		{FB88C552-DF4B-4040-B07B-627C935FD904} = {956A16CB-0A7F-44EC-AD72-9A2C693C09B0}
		{ABFF6635-BAA5-4E98-B9FA-FEE39FCDC12C} = {13416211-E7FD-42AB-9728-E17F58F306CA}
		{149F34EB-C266-433A-8730-DCC500FBF32E} = {ABFF6635-BAA5-4E98-B9FA-FEE39FCDC12C}
		{548AD322-4FF9-43EB-BB06-89C5F4A1AAA7} = {13416211-E7FD-42AB-9728-E17F58F306CA}
		{C775B5CC-A17C-4EB9-9034-531C2253AD8E} = {548AD322-4FF9-43EB-BB06-89C5F4A1AAA7}
		{C6E66498-5BB9-485B-AB29-FC7F790C6893} = {C37A1D9B-9BAA-435C-857B-0BB3E2C010B2}
		{2F9C5F5B-2E5C-4A53-B228-69A87B94C235} = {13416211-E7FD-42AB-9728-E17F58F306CA}
		{C375CA5B-8DA5-4EC3-9361-E6BBAE0CD327} = {396DB147-8FBA-4C69-B72F-BEF4E62B2076}
		{17C6F1D2-2E21-41D5-97A1-7DF72F0C7A17} = {396DB147-8FBA-4C69-B72F-BEF4E62B2076}
		{6E857EA5-B9AE-4F92-9FC7-E79EA883EDB0} = {396DB147-8FBA-4C69-B72F-BEF4E62B2076}
		{BEE6CB06-473A-4941-A8DF-7C255D9D1F6B} = {396DB147-8FBA-4C69-B72F-BEF4E62B2076}
	EndGlobalSection
	GlobalSection(ExtensibilityGlobals) = postSolution
		SolutionGuid = {FE6C7648-4D94-4A48-B67D-3161C6FE3BC0}
	EndGlobalSection
EndGlobal
