
Microsoft Visual Studio Solution File, Format Version 12.00
# Visual Studio Version 17
VisualStudioVersion = 17.0.31903.59
MinimumVisualStudioVersion = 10.0.40219.1
Project("{2150E333-8FDC-42A3-9474-1A3956D46DE8}") = "src", "src", "{8D052C6C-F76F-420E-AE82-241352E5ABB4}"
EndProject
Project("{9A19103F-16F7-4668-BE54-9A1E7A4F7556}") = "OpenConnector", "src\core\OpenConnector\OpenConnector.csproj", "{97DE1EEA-3582-4B5A-B978-484BCF975FEA}"
EndProject
Project("{2150E333-8FDC-42A3-9474-1A3956D46DE8}") = "test", "test", "{C37A1D9B-9BAA-435C-857B-0BB3E2C010B2}"
EndProject
Project("{9A19103F-16F7-4668-BE54-9A1E7A4F7556}") = "OpenConnector.AppConsoleTest", "test\OpenConnector.AppConsoleTest\OpenConnector.AppConsoleTest.csproj", "{0A0AB1E5-FF3A-455B-A2B9-E3BD843636A3}"
EndProject
Project("{2150E333-8FDC-42A3-9474-1A3956D46DE8}") = "antlr4", "antlr4", "{28CC1DDF-6535-418A-A081-1C72203EBDDD}"
EndProject
Project("{9A19103F-16F7-4668-BE54-9A1E7A4F7556}") = "OpenConnector.SqlServerParser", "src\antlr4\OpenConnector.SqlServerParser\OpenConnector.SqlServerParser.csproj", "{81CCA66E-A081-4880-8421-BBED2E64ACDB}"
EndProject
Project("{2150E333-8FDC-42A3-9474-1A3956D46DE8}") = "parser", "parser", "{AAC9AB4A-CE9D-4A68-92BC-09F1DDE898AA}"
EndProject
Project("{9A19103F-16F7-4668-BE54-9A1E7A4F7556}") = "OpenConnector.CommandParser", "src\parser\OpenConnector.CommandParser\OpenConnector.CommandParser.csproj", "{149F34EB-C266-433A-8730-DCC500FBF32E}"
EndProject
Project("{2150E333-8FDC-42A3-9474-1A3956D46DE8}") = "core", "core", "{13416211-E7FD-42AB-9728-E17F58F306CA}"
EndProject
Project("{9A19103F-16F7-4668-BE54-9A1E7A4F7556}") = "OpenConnector.Common", "src\core\OpenConnector.Common\OpenConnector.Common.csproj", "{59547DD0-5E6C-4034-8D57-560A0DB1242A}"
EndProject
Project("{9A19103F-16F7-4668-BE54-9A1E7A4F7556}") = "OpenConnector.Merge", "src\core\OpenConnector.Merge\OpenConnector.Merge.csproj", "{DAA0167C-89CC-4A89-B409-CC1DF9C10B1A}"
EndProject
Project("{9A19103F-16F7-4668-BE54-9A1E7A4F7556}") = "OpenConnector.Route", "src\core\OpenConnector.Route\OpenConnector.Route.csproj", "{7C47F58D-CE9B-4E41-B8D0-B0A07846A515}"
EndProject
Project("{9A19103F-16F7-4668-BE54-9A1E7A4F7556}") = "OpenConnector.RewriteEngine", "src\core\OpenConnector.RewriteEngine\OpenConnector.RewriteEngine.csproj", "{C004407F-3DD2-4949-A268-5BA8D078E548}"
EndProject
Project("{2150E333-8FDC-42A3-9474-1A3956D46DE8}") = "sharding", "sharding", "{396DB147-8FBA-4C69-B72F-BEF4E62B2076}"
EndProject
Project("{9A19103F-16F7-4668-BE54-9A1E7A4F7556}") = "OpenConnector.ShardingApi", "src\sharding\OpenConnector.ShardingApi\OpenConnector.ShardingApi.csproj", "{2185FA15-5EA1-4A0D-BF82-3687071EADBE}"
EndProject
Project("{9A19103F-16F7-4668-BE54-9A1E7A4F7556}") = "OpenConnector.ShardingCommon", "src\sharding\OpenConnector.ShardingCommon\OpenConnector.ShardingCommon.csproj", "{A3BDA0AD-3416-4DF0-AB42-F5ED51C97E7F}"
EndProject
Project("{9A19103F-16F7-4668-BE54-9A1E7A4F7556}") = "OpenConnector.ShardingRoute", "src\sharding\OpenConnector.ShardingRoute\OpenConnector.ShardingRoute.csproj", "{A25565CC-24DA-4F0F-AD77-35BB266EE4F4}"
EndProject
Project("{9A19103F-16F7-4668-BE54-9A1E7A4F7556}") = "OpenConnector.ShardingRewrite", "src\sharding\OpenConnector.ShardingRewrite\OpenConnector.ShardingRewrite.csproj", "{0A587439-01C7-47F0-9F2E-7C5713C44A78}"
EndProject
Project("{9A19103F-16F7-4668-BE54-9A1E7A4F7556}") = "OpenConnector.ShardingMerge", "src\sharding\OpenConnector.ShardingMerge\OpenConnector.ShardingMerge.csproj", "{428A15F0-EC6B-455A-9BE2-77D2BE0F4B52}"
EndProject
Project("{2150E333-8FDC-42A3-9474-1A3956D46DE8}") = "orm", "orm", "{221F76CC-2181-4F93-89BE-61EED7D889C1}"
EndProject
Project("{9A19103F-16F7-4668-BE54-9A1E7A4F7556}") = "OpenConnector.EFCore", "src\orm\OpenConnector.EFCore\OpenConnector.EFCore.csproj", "{B7CEBD52-D1E7-4801-A940-45BC3D0C48EE}"
EndProject
Project("{9A19103F-16F7-4668-BE54-9A1E7A4F7556}") = "OpenConnector.MySqlParser", "src\antlr4\OpenConnector.MySqlParser\OpenConnector.MySqlParser.csproj", "{E9893BD0-A7B4-4714-AB9D-42352C16E22E}"
EndProject
Project("{9A19103F-16F7-4668-BE54-9A1E7A4F7556}") = "OpenConnector.AppConsoleMySQLTest", "test\OpenConnector.AppConsoleMySQLTest\OpenConnector.AppConsoleMySQLTest.csproj", "{0D276528-EC51-43F9-877B-9EFE3E75DE41}"
EndProject
Project("{9A19103F-16F7-4668-BE54-9A1E7A4F7556}") = "OpenConnector.DapperTest", "test\OpenConnector.DapperTest\OpenConnector.DapperTest.csproj", "{961BFBE1-423D-47B5-9849-670015414D7B}"
EndProject
Project("{9A19103F-16F7-4668-BE54-9A1E7A4F7556}") = "OpenConnector.FreeSqlTest", "test\OpenConnector.FreeSqlTest\OpenConnector.FreeSqlTest.csproj", "{EC4ABFD4-13C3-4B2F-9A11-1D56CF6D973C}"
EndProject
Project("{9A19103F-16F7-4668-BE54-9A1E7A4F7556}") = "OpenConnector.HiSqlTest", "test\OpenConnector.HiSqlTest\OpenConnector.HiSqlTest.csproj", "{D2F1584D-E4B9-4241-9416-BBE5563B5CAA}"
EndProject
Project("{9A19103F-16F7-4668-BE54-9A1E7A4F7556}") = "OpenConnector.ChloeTest", "test\OpenConnector.ChloeTest\OpenConnector.ChloeTest.csproj", "{9549FAB9-CFC4-4A90-A85C-2351420D3770}"
EndProject
Project("{9A19103F-16F7-4668-BE54-9A1E7A4F7556}") = "OpenConnector.SqlSugarTest", "test\OpenConnector.SqlSugarTest\OpenConnector.SqlSugarTest.csproj", "{F810BB48-94CC-4056-B50C-4C9E380685CB}"
EndProject
Project("{2150E333-8FDC-42A3-9474-1A3956D46DE8}") = "proxy", "proxy", "{527EA305-8E22-4CDF-B41F-355C7599D340}"
EndProject
Project("{9A19103F-16F7-4668-BE54-9A1E7A4F7556}") = "OpenConnector.Proxy.Starter", "src\proxy\OpenConnector.Proxy.Starter\OpenConnector.Proxy.Starter.csproj", "{4B20DE00-6EB8-4CBB-A0DA-C7ACA594BBA4}"
EndProject
Project("{2150E333-8FDC-42A3-9474-1A3956D46DE8}") = "protocol", "protocol", "{956A16CB-0A7F-44EC-AD72-9A2C693C09B0}"
EndProject
Project("{9A19103F-16F7-4668-BE54-9A1E7A4F7556}") = "OpenConnector.ProxyServer", "src\proxy\OpenConnector.ProxyServer\OpenConnector.ProxyServer.csproj", "{D27A5095-10AA-44E2-B7E4-DFFC775A83F4}"
EndProject
Project("{9A19103F-16F7-4668-BE54-9A1E7A4F7556}") = "OpenConnector.ProxyClient", "src\proxy\OpenConnector.ProxyClient\OpenConnector.ProxyClient.csproj", "{C3750B32-000A-4214-A9F3-BDA6A1298D1C}"
EndProject
Project("{9A19103F-16F7-4668-BE54-9A1E7A4F7556}") = "OpenConnector.ProxyClientMySql", "src\proxy\OpenConnector.ProxyClientMySql\OpenConnector.ProxyClientMySql.csproj", "{7EE37FAA-A21A-454F-BE60-4D503CE3D513}"
EndProject
Project("{9A19103F-16F7-4668-BE54-9A1E7A4F7556}") = "OpenConnector.Protocol", "src\protocol\OpenConnector.Protocol\OpenConnector.Protocol.csproj", "{FB88C552-DF4B-4040-B07B-627C935FD904}"
EndProject
Project("{9A19103F-16F7-4668-BE54-9A1E7A4F7556}") = "OpenConnector.CommandParserBinder", "src\parser\OpenConnector.CommandParserBinder\OpenConnector.CommandParserBinder.csproj", "{C2E1FF8A-EE80-41AB-9220-785FBCEA3A74}"
EndProject
Global
	GlobalSection(SolutionConfigurationPlatforms) = preSolution
		Debug|Any CPU = Debug|Any CPU
		Release|Any CPU = Release|Any CPU
	EndGlobalSection
	GlobalSection(ProjectConfigurationPlatforms) = postSolution
		{97DE1EEA-3582-4B5A-B978-484BCF975FEA}.Debug|Any CPU.ActiveCfg = Debug|Any CPU
		{97DE1EEA-3582-4B5A-B978-484BCF975FEA}.Debug|Any CPU.Build.0 = Debug|Any CPU
		{97DE1EEA-3582-4B5A-B978-484BCF975FEA}.Release|Any CPU.ActiveCfg = Release|Any CPU
		{97DE1EEA-3582-4B5A-B978-484BCF975FEA}.Release|Any CPU.Build.0 = Release|Any CPU
		{0A0AB1E5-FF3A-455B-A2B9-E3BD843636A3}.Debug|Any CPU.ActiveCfg = Debug|Any CPU
		{0A0AB1E5-FF3A-455B-A2B9-E3BD843636A3}.Debug|Any CPU.Build.0 = Debug|Any CPU
		{0A0AB1E5-FF3A-455B-A2B9-E3BD843636A3}.Release|Any CPU.ActiveCfg = Release|Any CPU
		{0A0AB1E5-FF3A-455B-A2B9-E3BD843636A3}.Release|Any CPU.Build.0 = Release|Any CPU
		{81CCA66E-A081-4880-8421-BBED2E64ACDB}.Debug|Any CPU.ActiveCfg = Debug|Any CPU
		{81CCA66E-A081-4880-8421-BBED2E64ACDB}.Debug|Any CPU.Build.0 = Debug|Any CPU
		{81CCA66E-A081-4880-8421-BBED2E64ACDB}.Release|Any CPU.ActiveCfg = Release|Any CPU
		{81CCA66E-A081-4880-8421-BBED2E64ACDB}.Release|Any CPU.Build.0 = Release|Any CPU
		{149F34EB-C266-433A-8730-DCC500FBF32E}.Debug|Any CPU.ActiveCfg = Debug|Any CPU
		{149F34EB-C266-433A-8730-DCC500FBF32E}.Debug|Any CPU.Build.0 = Debug|Any CPU
		{149F34EB-C266-433A-8730-DCC500FBF32E}.Release|Any CPU.ActiveCfg = Release|Any CPU
		{149F34EB-C266-433A-8730-DCC500FBF32E}.Release|Any CPU.Build.0 = Release|Any CPU
		{59547DD0-5E6C-4034-8D57-560A0DB1242A}.Debug|Any CPU.ActiveCfg = Debug|Any CPU
		{59547DD0-5E6C-4034-8D57-560A0DB1242A}.Debug|Any CPU.Build.0 = Debug|Any CPU
		{59547DD0-5E6C-4034-8D57-560A0DB1242A}.Release|Any CPU.ActiveCfg = Release|Any CPU
		{59547DD0-5E6C-4034-8D57-560A0DB1242A}.Release|Any CPU.Build.0 = Release|Any CPU
		{DAA0167C-89CC-4A89-B409-CC1DF9C10B1A}.Debug|Any CPU.ActiveCfg = Debug|Any CPU
		{DAA0167C-89CC-4A89-B409-CC1DF9C10B1A}.Debug|Any CPU.Build.0 = Debug|Any CPU
		{DAA0167C-89CC-4A89-B409-CC1DF9C10B1A}.Release|Any CPU.ActiveCfg = Release|Any CPU
		{DAA0167C-89CC-4A89-B409-CC1DF9C10B1A}.Release|Any CPU.Build.0 = Release|Any CPU
		{7C47F58D-CE9B-4E41-B8D0-B0A07846A515}.Debug|Any CPU.ActiveCfg = Debug|Any CPU
		{7C47F58D-CE9B-4E41-B8D0-B0A07846A515}.Debug|Any CPU.Build.0 = Debug|Any CPU
		{7C47F58D-CE9B-4E41-B8D0-B0A07846A515}.Release|Any CPU.ActiveCfg = Release|Any CPU
		{7C47F58D-CE9B-4E41-B8D0-B0A07846A515}.Release|Any CPU.Build.0 = Release|Any CPU
		{C004407F-3DD2-4949-A268-5BA8D078E548}.Debug|Any CPU.ActiveCfg = Debug|Any CPU
		{C004407F-3DD2-4949-A268-5BA8D078E548}.Debug|Any CPU.Build.0 = Debug|Any CPU
		{C004407F-3DD2-4949-A268-5BA8D078E548}.Release|Any CPU.ActiveCfg = Release|Any CPU
		{C004407F-3DD2-4949-A268-5BA8D078E548}.Release|Any CPU.Build.0 = Release|Any CPU
		{2185FA15-5EA1-4A0D-BF82-3687071EADBE}.Debug|Any CPU.ActiveCfg = Debug|Any CPU
		{2185FA15-5EA1-4A0D-BF82-3687071EADBE}.Debug|Any CPU.Build.0 = Debug|Any CPU
		{2185FA15-5EA1-4A0D-BF82-3687071EADBE}.Release|Any CPU.ActiveCfg = Release|Any CPU
		{2185FA15-5EA1-4A0D-BF82-3687071EADBE}.Release|Any CPU.Build.0 = Release|Any CPU
		{A3BDA0AD-3416-4DF0-AB42-F5ED51C97E7F}.Debug|Any CPU.ActiveCfg = Debug|Any CPU
		{A3BDA0AD-3416-4DF0-AB42-F5ED51C97E7F}.Debug|Any CPU.Build.0 = Debug|Any CPU
		{A3BDA0AD-3416-4DF0-AB42-F5ED51C97E7F}.Release|Any CPU.ActiveCfg = Release|Any CPU
		{A3BDA0AD-3416-4DF0-AB42-F5ED51C97E7F}.Release|Any CPU.Build.0 = Release|Any CPU
		{A25565CC-24DA-4F0F-AD77-35BB266EE4F4}.Debug|Any CPU.ActiveCfg = Debug|Any CPU
		{A25565CC-24DA-4F0F-AD77-35BB266EE4F4}.Debug|Any CPU.Build.0 = Debug|Any CPU
		{A25565CC-24DA-4F0F-AD77-35BB266EE4F4}.Release|Any CPU.ActiveCfg = Release|Any CPU
		{A25565CC-24DA-4F0F-AD77-35BB266EE4F4}.Release|Any CPU.Build.0 = Release|Any CPU
		{0A587439-01C7-47F0-9F2E-7C5713C44A78}.Debug|Any CPU.ActiveCfg = Debug|Any CPU
		{0A587439-01C7-47F0-9F2E-7C5713C44A78}.Debug|Any CPU.Build.0 = Debug|Any CPU
		{0A587439-01C7-47F0-9F2E-7C5713C44A78}.Release|Any CPU.ActiveCfg = Release|Any CPU
		{0A587439-01C7-47F0-9F2E-7C5713C44A78}.Release|Any CPU.Build.0 = Release|Any CPU
		{428A15F0-EC6B-455A-9BE2-77D2BE0F4B52}.Debug|Any CPU.ActiveCfg = Debug|Any CPU
		{428A15F0-EC6B-455A-9BE2-77D2BE0F4B52}.Debug|Any CPU.Build.0 = Debug|Any CPU
		{428A15F0-EC6B-455A-9BE2-77D2BE0F4B52}.Release|Any CPU.ActiveCfg = Release|Any CPU
		{428A15F0-EC6B-455A-9BE2-77D2BE0F4B52}.Release|Any CPU.Build.0 = Release|Any CPU
		{B7CEBD52-D1E7-4801-A940-45BC3D0C48EE}.Debug|Any CPU.ActiveCfg = Debug|Any CPU
		{B7CEBD52-D1E7-4801-A940-45BC3D0C48EE}.Debug|Any CPU.Build.0 = Debug|Any CPU
		{B7CEBD52-D1E7-4801-A940-45BC3D0C48EE}.Release|Any CPU.ActiveCfg = Release|Any CPU
		{B7CEBD52-D1E7-4801-A940-45BC3D0C48EE}.Release|Any CPU.Build.0 = Release|Any CPU
		{E9893BD0-A7B4-4714-AB9D-42352C16E22E}.Debug|Any CPU.ActiveCfg = Debug|Any CPU
		{E9893BD0-A7B4-4714-AB9D-42352C16E22E}.Debug|Any CPU.Build.0 = Debug|Any CPU
		{E9893BD0-A7B4-4714-AB9D-42352C16E22E}.Release|Any CPU.ActiveCfg = Release|Any CPU
		{E9893BD0-A7B4-4714-AB9D-42352C16E22E}.Release|Any CPU.Build.0 = Release|Any CPU
		{0D276528-EC51-43F9-877B-9EFE3E75DE41}.Debug|Any CPU.ActiveCfg = Debug|Any CPU
		{0D276528-EC51-43F9-877B-9EFE3E75DE41}.Debug|Any CPU.Build.0 = Debug|Any CPU
		{0D276528-EC51-43F9-877B-9EFE3E75DE41}.Release|Any CPU.ActiveCfg = Release|Any CPU
		{0D276528-EC51-43F9-877B-9EFE3E75DE41}.Release|Any CPU.Build.0 = Release|Any CPU
		{961BFBE1-423D-47B5-9849-670015414D7B}.Debug|Any CPU.ActiveCfg = Debug|Any CPU
		{961BFBE1-423D-47B5-9849-670015414D7B}.Debug|Any CPU.Build.0 = Debug|Any CPU
		{961BFBE1-423D-47B5-9849-670015414D7B}.Release|Any CPU.ActiveCfg = Release|Any CPU
		{961BFBE1-423D-47B5-9849-670015414D7B}.Release|Any CPU.Build.0 = Release|Any CPU
		{EC4ABFD4-13C3-4B2F-9A11-1D56CF6D973C}.Debug|Any CPU.ActiveCfg = Debug|Any CPU
		{EC4ABFD4-13C3-4B2F-9A11-1D56CF6D973C}.Debug|Any CPU.Build.0 = Debug|Any CPU
		{EC4ABFD4-13C3-4B2F-9A11-1D56CF6D973C}.Release|Any CPU.ActiveCfg = Release|Any CPU
		{EC4ABFD4-13C3-4B2F-9A11-1D56CF6D973C}.Release|Any CPU.Build.0 = Release|Any CPU
		{D2F1584D-E4B9-4241-9416-BBE5563B5CAA}.Debug|Any CPU.ActiveCfg = Debug|Any CPU
		{D2F1584D-E4B9-4241-9416-BBE5563B5CAA}.Debug|Any CPU.Build.0 = Debug|Any CPU
		{D2F1584D-E4B9-4241-9416-BBE5563B5CAA}.Release|Any CPU.ActiveCfg = Release|Any CPU
		{D2F1584D-E4B9-4241-9416-BBE5563B5CAA}.Release|Any CPU.Build.0 = Release|Any CPU
		{9549FAB9-CFC4-4A90-A85C-2351420D3770}.Debug|Any CPU.ActiveCfg = Debug|Any CPU
		{9549FAB9-CFC4-4A90-A85C-2351420D3770}.Debug|Any CPU.Build.0 = Debug|Any CPU
		{9549FAB9-CFC4-4A90-A85C-2351420D3770}.Release|Any CPU.ActiveCfg = Release|Any CPU
		{9549FAB9-CFC4-4A90-A85C-2351420D3770}.Release|Any CPU.Build.0 = Release|Any CPU
		{F810BB48-94CC-4056-B50C-4C9E380685CB}.Debug|Any CPU.ActiveCfg = Debug|Any CPU
		{F810BB48-94CC-4056-B50C-4C9E380685CB}.Debug|Any CPU.Build.0 = Debug|Any CPU
		{F810BB48-94CC-4056-B50C-4C9E380685CB}.Release|Any CPU.ActiveCfg = Release|Any CPU
		{F810BB48-94CC-4056-B50C-4C9E380685CB}.Release|Any CPU.Build.0 = Release|Any CPU
		{4B20DE00-6EB8-4CBB-A0DA-C7ACA594BBA4}.Debug|Any CPU.ActiveCfg = Debug|Any CPU
		{4B20DE00-6EB8-4CBB-A0DA-C7ACA594BBA4}.Debug|Any CPU.Build.0 = Debug|Any CPU
		{4B20DE00-6EB8-4CBB-A0DA-C7ACA594BBA4}.Release|Any CPU.ActiveCfg = Release|Any CPU
		{4B20DE00-6EB8-4CBB-A0DA-C7ACA594BBA4}.Release|Any CPU.Build.0 = Release|Any CPU
		{D27A5095-10AA-44E2-B7E4-DFFC775A83F4}.Debug|Any CPU.ActiveCfg = Debug|Any CPU
		{D27A5095-10AA-44E2-B7E4-DFFC775A83F4}.Debug|Any CPU.Build.0 = Debug|Any CPU
		{D27A5095-10AA-44E2-B7E4-DFFC775A83F4}.Release|Any CPU.ActiveCfg = Release|Any CPU
		{D27A5095-10AA-44E2-B7E4-DFFC775A83F4}.Release|Any CPU.Build.0 = Release|Any CPU
		{C3750B32-000A-4214-A9F3-BDA6A1298D1C}.Debug|Any CPU.ActiveCfg = Debug|Any CPU
		{C3750B32-000A-4214-A9F3-BDA6A1298D1C}.Debug|Any CPU.Build.0 = Debug|Any CPU
		{C3750B32-000A-4214-A9F3-BDA6A1298D1C}.Release|Any CPU.ActiveCfg = Release|Any CPU
		{C3750B32-000A-4214-A9F3-BDA6A1298D1C}.Release|Any CPU.Build.0 = Release|Any CPU
		{7EE37FAA-A21A-454F-BE60-4D503CE3D513}.Debug|Any CPU.ActiveCfg = Debug|Any CPU
		{7EE37FAA-A21A-454F-BE60-4D503CE3D513}.Debug|Any CPU.Build.0 = Debug|Any CPU
		{7EE37FAA-A21A-454F-BE60-4D503CE3D513}.Release|Any CPU.ActiveCfg = Release|Any CPU
		{7EE37FAA-A21A-454F-BE60-4D503CE3D513}.Release|Any CPU.Build.0 = Release|Any CPU
		{FB88C552-DF4B-4040-B07B-627C935FD904}.Debug|Any CPU.ActiveCfg = Debug|Any CPU
		{FB88C552-DF4B-4040-B07B-627C935FD904}.Debug|Any CPU.Build.0 = Debug|Any CPU
		{FB88C552-DF4B-4040-B07B-627C935FD904}.Release|Any CPU.ActiveCfg = Release|Any CPU
		{FB88C552-DF4B-4040-B07B-627C935FD904}.Release|Any CPU.Build.0 = Release|Any CPU
		{C2E1FF8A-EE80-41AB-9220-785FBCEA3A74}.Debug|Any CPU.ActiveCfg = Debug|Any CPU
		{C2E1FF8A-EE80-41AB-9220-785FBCEA3A74}.Debug|Any CPU.Build.0 = Debug|Any CPU
		{C2E1FF8A-EE80-41AB-9220-785FBCEA3A74}.Release|Any CPU.ActiveCfg = Release|Any CPU
		{C2E1FF8A-EE80-41AB-9220-785FBCEA3A74}.Release|Any CPU.Build.0 = Release|Any CPU
	EndGlobalSection
	GlobalSection(SolutionProperties) = preSolution
		HideSolutionNode = FALSE
	EndGlobalSection
	GlobalSection(NestedProjects) = preSolution
		{97DE1EEA-3582-4B5A-B978-484BCF975FEA} = {13416211-E7FD-42AB-9728-E17F58F306CA}
		{0A0AB1E5-FF3A-455B-A2B9-E3BD843636A3} = {C37A1D9B-9BAA-435C-857B-0BB3E2C010B2}
		{28CC1DDF-6535-418A-A081-1C72203EBDDD} = {8D052C6C-F76F-420E-AE82-241352E5ABB4}
		{81CCA66E-A081-4880-8421-BBED2E64ACDB} = {28CC1DDF-6535-418A-A081-1C72203EBDDD}
		{AAC9AB4A-CE9D-4A68-92BC-09F1DDE898AA} = {8D052C6C-F76F-420E-AE82-241352E5ABB4}
		{149F34EB-C266-433A-8730-DCC500FBF32E} = {AAC9AB4A-CE9D-4A68-92BC-09F1DDE898AA}
		{13416211-E7FD-42AB-9728-E17F58F306CA} = {8D052C6C-F76F-420E-AE82-241352E5ABB4}
		{59547DD0-5E6C-4034-8D57-560A0DB1242A} = {13416211-E7FD-42AB-9728-E17F58F306CA}
		{DAA0167C-89CC-4A89-B409-CC1DF9C10B1A} = {13416211-E7FD-42AB-9728-E17F58F306CA}
		{7C47F58D-CE9B-4E41-B8D0-B0A07846A515} = {13416211-E7FD-42AB-9728-E17F58F306CA}
		{C004407F-3DD2-4949-A268-5BA8D078E548} = {13416211-E7FD-42AB-9728-E17F58F306CA}
		{396DB147-8FBA-4C69-B72F-BEF4E62B2076} = {8D052C6C-F76F-420E-AE82-241352E5ABB4}
		{2185FA15-5EA1-4A0D-BF82-3687071EADBE} = {396DB147-8FBA-4C69-B72F-BEF4E62B2076}
		{A3BDA0AD-3416-4DF0-AB42-F5ED51C97E7F} = {396DB147-8FBA-4C69-B72F-BEF4E62B2076}
		{A25565CC-24DA-4F0F-AD77-35BB266EE4F4} = {396DB147-8FBA-4C69-B72F-BEF4E62B2076}
		{0A587439-01C7-47F0-9F2E-7C5713C44A78} = {396DB147-8FBA-4C69-B72F-BEF4E62B2076}
		{428A15F0-EC6B-455A-9BE2-77D2BE0F4B52} = {396DB147-8FBA-4C69-B72F-BEF4E62B2076}
		{221F76CC-2181-4F93-89BE-61EED7D889C1} = {8D052C6C-F76F-420E-AE82-241352E5ABB4}
		{B7CEBD52-D1E7-4801-A940-45BC3D0C48EE} = {221F76CC-2181-4F93-89BE-61EED7D889C1}
		{E9893BD0-A7B4-4714-AB9D-42352C16E22E} = {28CC1DDF-6535-418A-A081-1C72203EBDDD}
		{0D276528-EC51-43F9-877B-9EFE3E75DE41} = {C37A1D9B-9BAA-435C-857B-0BB3E2C010B2}
		{961BFBE1-423D-47B5-9849-670015414D7B} = {C37A1D9B-9BAA-435C-857B-0BB3E2C010B2}
		{EC4ABFD4-13C3-4B2F-9A11-1D56CF6D973C} = {C37A1D9B-9BAA-435C-857B-0BB3E2C010B2}
		{D2F1584D-E4B9-4241-9416-BBE5563B5CAA} = {C37A1D9B-9BAA-435C-857B-0BB3E2C010B2}
		{9549FAB9-CFC4-4A90-A85C-2351420D3770} = {C37A1D9B-9BAA-435C-857B-0BB3E2C010B2}
		{F810BB48-94CC-4056-B50C-4C9E380685CB} = {C37A1D9B-9BAA-435C-857B-0BB3E2C010B2}
		{527EA305-8E22-4CDF-B41F-355C7599D340} = {8D052C6C-F76F-420E-AE82-241352E5ABB4}
		{4B20DE00-6EB8-4CBB-A0DA-C7ACA594BBA4} = {527EA305-8E22-4CDF-B41F-355C7599D340}
		{956A16CB-0A7F-44EC-AD72-9A2C693C09B0} = {8D052C6C-F76F-420E-AE82-241352E5ABB4}
		{D27A5095-10AA-44E2-B7E4-DFFC775A83F4} = {527EA305-8E22-4CDF-B41F-355C7599D340}
		{C3750B32-000A-4214-A9F3-BDA6A1298D1C} = {527EA305-8E22-4CDF-B41F-355C7599D340}
		{7EE37FAA-A21A-454F-BE60-4D503CE3D513} = {527EA305-8E22-4CDF-B41F-355C7599D340}
		{FB88C552-DF4B-4040-B07B-627C935FD904} = {956A16CB-0A7F-44EC-AD72-9A2C693C09B0}
		{C2E1FF8A-EE80-41AB-9220-785FBCEA3A74} = {AAC9AB4A-CE9D-4A68-92BC-09F1DDE898AA}
	EndGlobalSection
	GlobalSection(ExtensibilityGlobals) = postSolution
		SolutionGuid = {FE6C7648-4D94-4A48-B67D-3161C6FE3BC0}
	EndGlobalSection
EndGlobal
