
Microsoft Visual Studio Solution File, Format Version 12.00
# Visual Studio Version 16
VisualStudioVersion = 16.0.31019.35
MinimumVisualStudioVersion = 10.0.40219.1
Project("{2150E333-8FDC-42A3-9474-1A3956D46DE8}") = "src", "src", "{8D052C6C-F76F-420E-AE82-241352E5ABB4}"
EndProject
Project("{9A19103F-16F7-4668-BE54-9A1E7A4F7556}") = "ShardingConnector", "src\ShardingConnector\ShardingConnector.csproj", "{97DE1EEA-3582-4B5A-B978-484BCF975FEA}"
EndProject
Global
	GlobalSection(SolutionConfigurationPlatforms) = preSolution
		Debug|Any CPU = Debug|Any CPU
		Release|Any CPU = Release|Any CPU
	EndGlobalSection
	GlobalSection(ProjectConfigurationPlatforms) = postSolution
		{97DE1EEA-3582-4B5A-B978-484BCF975FEA}.Debug|Any CPU.ActiveCfg = Debug|Any CPU
		{97DE1EEA-3582-4B5A-B978-484BCF975FEA}.Debug|Any CPU.Build.0 = Debug|Any CPU
		{97DE1EEA-3582-4B5A-B978-484BCF975FEA}.Release|Any CPU.ActiveCfg = Release|Any CPU
		{97DE1EEA-3582-4B5A-B978-484BCF975FEA}.Release|Any CPU.Build.0 = Release|Any CPU
	EndGlobalSection
	GlobalSection(SolutionProperties) = preSolution
		HideSolutionNode = FALSE
	EndGlobalSection
	GlobalSection(NestedProjects) = preSolution
		{97DE1EEA-3582-4B5A-B978-484BCF975FEA} = {8D052C6C-F76F-420E-AE82-241352E5ABB4}
	EndGlobalSection
	GlobalSection(ExtensibilityGlobals) = postSolution
		SolutionGuid = {FE6C7648-4D94-4A48-B67D-3161C6FE3BC0}
	EndGlobalSection
EndGlobal
