
Microsoft Visual Studio Solution File, Format Version 12.00
# Visual Studio Version 16
VisualStudioVersion = 16.0.31019.35
MinimumVisualStudioVersion = 10.0.40219.1
Project("{2150E333-8FDC-42A3-9474-1A3956D46DE8}") = "src", "src", "{8D052C6C-F76F-420E-AE82-241352E5ABB4}"
EndProject
Project("{9A19103F-16F7-4668-BE54-9A1E7A4F7556}") = "ShardingConnector", "src\ShardingConnector\ShardingConnector.csproj", "{97DE1EEA-3582-4B5A-B978-484BCF975FEA}"
EndProject
Project("{2150E333-8FDC-42A3-9474-1A3956D46DE8}") = "test", "test", "{C37A1D9B-9BAA-435C-857B-0BB3E2C010B2}"
EndProject
Project("{9A19103F-16F7-4668-BE54-9A1E7A4F7556}") = "ShardingConnector.AppConsoleTest", "test\ShardingConnector.AppConsoleTest\ShardingConnector.AppConsoleTest.csproj", "{0A0AB1E5-FF3A-455B-A2B9-E3BD843636A3}"
EndProject
Project("{2150E333-8FDC-42A3-9474-1A3956D46DE8}") = "antlr4", "antlr4", "{28CC1DDF-6535-418A-A081-1C72203EBDDD}"
EndProject
Project("{9A19103F-16F7-4668-BE54-9A1E7A4F7556}") = "ShardingConnector.SqlServerParser", "src\antlr4\ShardingConnector.SqlServerParser\ShardingConnector.SqlServerParser.csproj", "{81CCA66E-A081-4880-8421-BBED2E64ACDB}"
EndProject
Project("{2150E333-8FDC-42A3-9474-1A3956D46DE8}") = "adonet", "adonet", "{CF0C2C06-79E0-4949-AE50-DAA2A6C294BD}"
EndProject
Project("{FAE04EC0-301F-11D3-BF4B-00C04F79EFBC}") = "ShardingConnector.AdoNet", "src\adonet\ShardingConnector.AdoNet\ShardingConnector.AdoNet.csproj", "{C507B218-3DC1-4CDC-B9FC-839CC2618D16}"
EndProject
Project("{2150E333-8FDC-42A3-9474-1A3956D46DE8}") = "parser", "parser", "{AAC9AB4A-CE9D-4A68-92BC-09F1DDE898AA}"
EndProject
Project("{FAE04EC0-301F-11D3-BF4B-00C04F79EFBC}") = "ShardingConnector.AbstractParser", "src\parser\ShardingConnector.AbstractParser\ShardingConnector.AbstractParser.csproj", "{D635C05C-0DE2-45D3-9E11-94410D513799}"
EndProject
Project("{FAE04EC0-301F-11D3-BF4B-00C04F79EFBC}") = "ShardingConnector.CommandParser", "src\parser\ShardingConnector.CommandParser\ShardingConnector.CommandParser.csproj", "{149F34EB-C266-433A-8730-DCC500FBF32E}"
EndProject
Project("{FAE04EC0-301F-11D3-BF4B-00C04F79EFBC}") = "ShardingConnector.ParserEngine", "src\parser\ShardingConnector.ParserEngine\ShardingConnector.ParserEngine.csproj", "{937EF382-7D1D-411A-BD26-805A4E65DDF2}"
EndProject
Project("{FAE04EC0-301F-11D3-BF4B-00C04F79EFBC}") = "ShardingConnector.ParserBinder", "src\parser\ShardingConnector.PaserBinder\ShardingConnector.ParserBinder.csproj", "{872B482D-D7D3-4607-9EF9-E065B9C09814}"
EndProject
Project("{2150E333-8FDC-42A3-9474-1A3956D46DE8}") = "core", "core", "{13416211-E7FD-42AB-9728-E17F58F306CA}"
EndProject
Project("{FAE04EC0-301F-11D3-BF4B-00C04F79EFBC}") = "ShardingConnector.Common", "src\core\ShardingConnector.Common\ShardingConnector.Common.csproj", "{59547DD0-5E6C-4034-8D57-560A0DB1242A}"
EndProject
Project("{FAE04EC0-301F-11D3-BF4B-00C04F79EFBC}") = "ShardingConnector.Executor", "src\core\ShardingConnector.Executor\ShardingConnector.Executor.csproj", "{3DA1E6AD-E160-4168-941D-7853B2F16841}"
EndProject
Project("{FAE04EC0-301F-11D3-BF4B-00C04F79EFBC}") = "ShardingConnector.Merge", "src\core\ShardingConnector.Merge\ShardingConnector.Merge.csproj", "{DAA0167C-89CC-4A89-B409-CC1DF9C10B1A}"
EndProject
Project("{FAE04EC0-301F-11D3-BF4B-00C04F79EFBC}") = "ShardingConnector.Route", "src\core\ShardingConnector.Route\ShardingConnector.Route.csproj", "{7C47F58D-CE9B-4E41-B8D0-B0A07846A515}"
EndProject
Project("{FAE04EC0-301F-11D3-BF4B-00C04F79EFBC}") = "ShardingConnector.RewriteEngine", "src\core\ShardingConnector.RewriteEngine\ShardingConnector.RewriteEngine.csproj", "{C004407F-3DD2-4949-A268-5BA8D078E548}"
EndProject
Project("{FAE04EC0-301F-11D3-BF4B-00C04F79EFBC}") = "ShardingConnector.Pluggable", "src\core\ShardingConnector.Pluggable\ShardingConnector.Pluggable.csproj", "{F4194DC2-248F-40CA-AED8-157C75861F4E}"
EndProject
Project("{2150E333-8FDC-42A3-9474-1A3956D46DE8}") = "sharding", "sharding", "{396DB147-8FBA-4C69-B72F-BEF4E62B2076}"
EndProject
Project("{FAE04EC0-301F-11D3-BF4B-00C04F79EFBC}") = "ShardingConnector.ShardingApi", "src\sharding\ShardingConnector.ShardingApi\ShardingConnector.ShardingApi.csproj", "{2185FA15-5EA1-4A0D-BF82-3687071EADBE}"
EndProject
Project("{FAE04EC0-301F-11D3-BF4B-00C04F79EFBC}") = "ShardingConnector.ShardingExecute", "src\sharding\ShardingConnector.ShardingExecute\ShardingConnector.ShardingExecute.csproj", "{B6C49FF3-CC9C-4551-8CE0-12F8DE19B43A}"
EndProject
Project("{FAE04EC0-301F-11D3-BF4B-00C04F79EFBC}") = "ShardingConnector.ShardingCommon", "src\sharding\ShardingConnector.ShardingCommon\ShardingConnector.ShardingCommon.csproj", "{A3BDA0AD-3416-4DF0-AB42-F5ED51C97E7F}"
EndProject
Project("{FAE04EC0-301F-11D3-BF4B-00C04F79EFBC}") = "ShardingConnector.ShardingRoute", "src\sharding\ShardingConnector.ShardingRoute\ShardingConnector.ShardingRoute.csproj", "{A25565CC-24DA-4F0F-AD77-35BB266EE4F4}"
EndProject
Global
	GlobalSection(SolutionConfigurationPlatforms) = preSolution
		Debug|Any CPU = Debug|Any CPU
		Release|Any CPU = Release|Any CPU
	EndGlobalSection
	GlobalSection(ProjectConfigurationPlatforms) = postSolution
		{97DE1EEA-3582-4B5A-B978-484BCF975FEA}.Debug|Any CPU.ActiveCfg = Debug|Any CPU
		{97DE1EEA-3582-4B5A-B978-484BCF975FEA}.Debug|Any CPU.Build.0 = Debug|Any CPU
		{97DE1EEA-3582-4B5A-B978-484BCF975FEA}.Release|Any CPU.ActiveCfg = Release|Any CPU
		{97DE1EEA-3582-4B5A-B978-484BCF975FEA}.Release|Any CPU.Build.0 = Release|Any CPU
		{0A0AB1E5-FF3A-455B-A2B9-E3BD843636A3}.Debug|Any CPU.ActiveCfg = Debug|Any CPU
		{0A0AB1E5-FF3A-455B-A2B9-E3BD843636A3}.Debug|Any CPU.Build.0 = Debug|Any CPU
		{0A0AB1E5-FF3A-455B-A2B9-E3BD843636A3}.Release|Any CPU.ActiveCfg = Release|Any CPU
		{0A0AB1E5-FF3A-455B-A2B9-E3BD843636A3}.Release|Any CPU.Build.0 = Release|Any CPU
		{81CCA66E-A081-4880-8421-BBED2E64ACDB}.Debug|Any CPU.ActiveCfg = Debug|Any CPU
		{81CCA66E-A081-4880-8421-BBED2E64ACDB}.Debug|Any CPU.Build.0 = Debug|Any CPU
		{81CCA66E-A081-4880-8421-BBED2E64ACDB}.Release|Any CPU.ActiveCfg = Release|Any CPU
		{81CCA66E-A081-4880-8421-BBED2E64ACDB}.Release|Any CPU.Build.0 = Release|Any CPU
		{C507B218-3DC1-4CDC-B9FC-839CC2618D16}.Debug|Any CPU.ActiveCfg = Debug|Any CPU
		{C507B218-3DC1-4CDC-B9FC-839CC2618D16}.Debug|Any CPU.Build.0 = Debug|Any CPU
		{C507B218-3DC1-4CDC-B9FC-839CC2618D16}.Release|Any CPU.ActiveCfg = Release|Any CPU
		{C507B218-3DC1-4CDC-B9FC-839CC2618D16}.Release|Any CPU.Build.0 = Release|Any CPU
		{D635C05C-0DE2-45D3-9E11-94410D513799}.Debug|Any CPU.ActiveCfg = Debug|Any CPU
		{D635C05C-0DE2-45D3-9E11-94410D513799}.Debug|Any CPU.Build.0 = Debug|Any CPU
		{D635C05C-0DE2-45D3-9E11-94410D513799}.Release|Any CPU.ActiveCfg = Release|Any CPU
		{D635C05C-0DE2-45D3-9E11-94410D513799}.Release|Any CPU.Build.0 = Release|Any CPU
		{149F34EB-C266-433A-8730-DCC500FBF32E}.Debug|Any CPU.ActiveCfg = Debug|Any CPU
		{149F34EB-C266-433A-8730-DCC500FBF32E}.Debug|Any CPU.Build.0 = Debug|Any CPU
		{149F34EB-C266-433A-8730-DCC500FBF32E}.Release|Any CPU.ActiveCfg = Release|Any CPU
		{149F34EB-C266-433A-8730-DCC500FBF32E}.Release|Any CPU.Build.0 = Release|Any CPU
		{937EF382-7D1D-411A-BD26-805A4E65DDF2}.Debug|Any CPU.ActiveCfg = Debug|Any CPU
		{937EF382-7D1D-411A-BD26-805A4E65DDF2}.Debug|Any CPU.Build.0 = Debug|Any CPU
		{937EF382-7D1D-411A-BD26-805A4E65DDF2}.Release|Any CPU.ActiveCfg = Release|Any CPU
		{937EF382-7D1D-411A-BD26-805A4E65DDF2}.Release|Any CPU.Build.0 = Release|Any CPU
		{872B482D-D7D3-4607-9EF9-E065B9C09814}.Debug|Any CPU.ActiveCfg = Debug|Any CPU
		{872B482D-D7D3-4607-9EF9-E065B9C09814}.Debug|Any CPU.Build.0 = Debug|Any CPU
		{872B482D-D7D3-4607-9EF9-E065B9C09814}.Release|Any CPU.ActiveCfg = Release|Any CPU
		{872B482D-D7D3-4607-9EF9-E065B9C09814}.Release|Any CPU.Build.0 = Release|Any CPU
		{59547DD0-5E6C-4034-8D57-560A0DB1242A}.Debug|Any CPU.ActiveCfg = Debug|Any CPU
		{59547DD0-5E6C-4034-8D57-560A0DB1242A}.Debug|Any CPU.Build.0 = Debug|Any CPU
		{59547DD0-5E6C-4034-8D57-560A0DB1242A}.Release|Any CPU.ActiveCfg = Release|Any CPU
		{59547DD0-5E6C-4034-8D57-560A0DB1242A}.Release|Any CPU.Build.0 = Release|Any CPU
		{3DA1E6AD-E160-4168-941D-7853B2F16841}.Debug|Any CPU.ActiveCfg = Debug|Any CPU
		{3DA1E6AD-E160-4168-941D-7853B2F16841}.Debug|Any CPU.Build.0 = Debug|Any CPU
		{3DA1E6AD-E160-4168-941D-7853B2F16841}.Release|Any CPU.ActiveCfg = Release|Any CPU
		{3DA1E6AD-E160-4168-941D-7853B2F16841}.Release|Any CPU.Build.0 = Release|Any CPU
		{DAA0167C-89CC-4A89-B409-CC1DF9C10B1A}.Debug|Any CPU.ActiveCfg = Debug|Any CPU
		{DAA0167C-89CC-4A89-B409-CC1DF9C10B1A}.Debug|Any CPU.Build.0 = Debug|Any CPU
		{DAA0167C-89CC-4A89-B409-CC1DF9C10B1A}.Release|Any CPU.ActiveCfg = Release|Any CPU
		{DAA0167C-89CC-4A89-B409-CC1DF9C10B1A}.Release|Any CPU.Build.0 = Release|Any CPU
		{7C47F58D-CE9B-4E41-B8D0-B0A07846A515}.Debug|Any CPU.ActiveCfg = Debug|Any CPU
		{7C47F58D-CE9B-4E41-B8D0-B0A07846A515}.Debug|Any CPU.Build.0 = Debug|Any CPU
		{7C47F58D-CE9B-4E41-B8D0-B0A07846A515}.Release|Any CPU.ActiveCfg = Release|Any CPU
		{7C47F58D-CE9B-4E41-B8D0-B0A07846A515}.Release|Any CPU.Build.0 = Release|Any CPU
		{C004407F-3DD2-4949-A268-5BA8D078E548}.Debug|Any CPU.ActiveCfg = Debug|Any CPU
		{C004407F-3DD2-4949-A268-5BA8D078E548}.Debug|Any CPU.Build.0 = Debug|Any CPU
		{C004407F-3DD2-4949-A268-5BA8D078E548}.Release|Any CPU.ActiveCfg = Release|Any CPU
		{C004407F-3DD2-4949-A268-5BA8D078E548}.Release|Any CPU.Build.0 = Release|Any CPU
		{F4194DC2-248F-40CA-AED8-157C75861F4E}.Debug|Any CPU.ActiveCfg = Debug|Any CPU
		{F4194DC2-248F-40CA-AED8-157C75861F4E}.Debug|Any CPU.Build.0 = Debug|Any CPU
		{F4194DC2-248F-40CA-AED8-157C75861F4E}.Release|Any CPU.ActiveCfg = Release|Any CPU
		{F4194DC2-248F-40CA-AED8-157C75861F4E}.Release|Any CPU.Build.0 = Release|Any CPU
		{2185FA15-5EA1-4A0D-BF82-3687071EADBE}.Debug|Any CPU.ActiveCfg = Debug|Any CPU
		{2185FA15-5EA1-4A0D-BF82-3687071EADBE}.Debug|Any CPU.Build.0 = Debug|Any CPU
		{2185FA15-5EA1-4A0D-BF82-3687071EADBE}.Release|Any CPU.ActiveCfg = Release|Any CPU
		{2185FA15-5EA1-4A0D-BF82-3687071EADBE}.Release|Any CPU.Build.0 = Release|Any CPU
		{B6C49FF3-CC9C-4551-8CE0-12F8DE19B43A}.Debug|Any CPU.ActiveCfg = Debug|Any CPU
		{B6C49FF3-CC9C-4551-8CE0-12F8DE19B43A}.Debug|Any CPU.Build.0 = Debug|Any CPU
		{B6C49FF3-CC9C-4551-8CE0-12F8DE19B43A}.Release|Any CPU.ActiveCfg = Release|Any CPU
		{B6C49FF3-CC9C-4551-8CE0-12F8DE19B43A}.Release|Any CPU.Build.0 = Release|Any CPU
		{A3BDA0AD-3416-4DF0-AB42-F5ED51C97E7F}.Debug|Any CPU.ActiveCfg = Debug|Any CPU
		{A3BDA0AD-3416-4DF0-AB42-F5ED51C97E7F}.Debug|Any CPU.Build.0 = Debug|Any CPU
		{A3BDA0AD-3416-4DF0-AB42-F5ED51C97E7F}.Release|Any CPU.ActiveCfg = Release|Any CPU
		{A3BDA0AD-3416-4DF0-AB42-F5ED51C97E7F}.Release|Any CPU.Build.0 = Release|Any CPU
		{A25565CC-24DA-4F0F-AD77-35BB266EE4F4}.Debug|Any CPU.ActiveCfg = Debug|Any CPU
		{A25565CC-24DA-4F0F-AD77-35BB266EE4F4}.Debug|Any CPU.Build.0 = Debug|Any CPU
		{A25565CC-24DA-4F0F-AD77-35BB266EE4F4}.Release|Any CPU.ActiveCfg = Release|Any CPU
		{A25565CC-24DA-4F0F-AD77-35BB266EE4F4}.Release|Any CPU.Build.0 = Release|Any CPU
	EndGlobalSection
	GlobalSection(SolutionProperties) = preSolution
		HideSolutionNode = FALSE
	EndGlobalSection
	GlobalSection(NestedProjects) = preSolution
		{97DE1EEA-3582-4B5A-B978-484BCF975FEA} = {8D052C6C-F76F-420E-AE82-241352E5ABB4}
		{0A0AB1E5-FF3A-455B-A2B9-E3BD843636A3} = {C37A1D9B-9BAA-435C-857B-0BB3E2C010B2}
		{28CC1DDF-6535-418A-A081-1C72203EBDDD} = {8D052C6C-F76F-420E-AE82-241352E5ABB4}
		{81CCA66E-A081-4880-8421-BBED2E64ACDB} = {28CC1DDF-6535-418A-A081-1C72203EBDDD}
		{CF0C2C06-79E0-4949-AE50-DAA2A6C294BD} = {8D052C6C-F76F-420E-AE82-241352E5ABB4}
		{C507B218-3DC1-4CDC-B9FC-839CC2618D16} = {CF0C2C06-79E0-4949-AE50-DAA2A6C294BD}
		{AAC9AB4A-CE9D-4A68-92BC-09F1DDE898AA} = {8D052C6C-F76F-420E-AE82-241352E5ABB4}
		{D635C05C-0DE2-45D3-9E11-94410D513799} = {AAC9AB4A-CE9D-4A68-92BC-09F1DDE898AA}
		{149F34EB-C266-433A-8730-DCC500FBF32E} = {AAC9AB4A-CE9D-4A68-92BC-09F1DDE898AA}
		{937EF382-7D1D-411A-BD26-805A4E65DDF2} = {AAC9AB4A-CE9D-4A68-92BC-09F1DDE898AA}
		{872B482D-D7D3-4607-9EF9-E065B9C09814} = {AAC9AB4A-CE9D-4A68-92BC-09F1DDE898AA}
		{13416211-E7FD-42AB-9728-E17F58F306CA} = {8D052C6C-F76F-420E-AE82-241352E5ABB4}
		{59547DD0-5E6C-4034-8D57-560A0DB1242A} = {13416211-E7FD-42AB-9728-E17F58F306CA}
		{3DA1E6AD-E160-4168-941D-7853B2F16841} = {13416211-E7FD-42AB-9728-E17F58F306CA}
		{DAA0167C-89CC-4A89-B409-CC1DF9C10B1A} = {13416211-E7FD-42AB-9728-E17F58F306CA}
		{7C47F58D-CE9B-4E41-B8D0-B0A07846A515} = {13416211-E7FD-42AB-9728-E17F58F306CA}
		{C004407F-3DD2-4949-A268-5BA8D078E548} = {13416211-E7FD-42AB-9728-E17F58F306CA}
		{F4194DC2-248F-40CA-AED8-157C75861F4E} = {13416211-E7FD-42AB-9728-E17F58F306CA}
		{396DB147-8FBA-4C69-B72F-BEF4E62B2076} = {8D052C6C-F76F-420E-AE82-241352E5ABB4}
		{2185FA15-5EA1-4A0D-BF82-3687071EADBE} = {396DB147-8FBA-4C69-B72F-BEF4E62B2076}
		{B6C49FF3-CC9C-4551-8CE0-12F8DE19B43A} = {396DB147-8FBA-4C69-B72F-BEF4E62B2076}
		{A3BDA0AD-3416-4DF0-AB42-F5ED51C97E7F} = {396DB147-8FBA-4C69-B72F-BEF4E62B2076}
		{A25565CC-24DA-4F0F-AD77-35BB266EE4F4} = {396DB147-8FBA-4C69-B72F-BEF4E62B2076}
	EndGlobalSection
	GlobalSection(ExtensibilityGlobals) = postSolution
		SolutionGuid = {FE6C7648-4D94-4A48-B67D-3161C6FE3BC0}
	EndGlobalSection
EndGlobal
